
Microsoft Visual Studio Solution File, Format Version 12.00
# Visual Studio Version 17
VisualStudioVersion = 17.6.33829.357
MinimumVisualStudioVersion = 10.0.40219.1
Project("{FAE04EC0-301F-11D3-BF4B-00C04F79EFBC}") = "CassaProject", "CassaProject\CassaProject.csproj", "{FCA26590-1B1C-499B-840A-6F8528D33F40}"
EndProject
Global
	GlobalSection(SolutionConfigurationPlatforms) = preSolution
		Debug|Any CPU = Debug|Any CPU
		Release|Any CPU = Release|Any CPU
	EndGlobalSection
	GlobalSection(ProjectConfigurationPlatforms) = postSolution
		{FCA26590-1B1C-499B-840A-6F8528D33F40}.Debug|Any CPU.ActiveCfg = Debug|Any CPU
		{FCA26590-1B1C-499B-840A-6F8528D33F40}.Debug|Any CPU.Build.0 = Debug|Any CPU
		{FCA26590-1B1C-499B-840A-6F8528D33F40}.Release|Any CPU.ActiveCfg = Release|Any CPU
		{FCA26590-1B1C-499B-840A-6F8528D33F40}.Release|Any CPU.Build.0 = Release|Any CPU
	EndGlobalSection
	GlobalSection(SolutionProperties) = preSolution
		HideSolutionNode = FALSE
	EndGlobalSection
	GlobalSection(ExtensibilityGlobals) = postSolution
		SolutionGuid = {187AD95E-EA47-4815-9BA0-E36519A05BD4}
	EndGlobalSection
EndGlobal
